
Microsoft Visual Studio Solution File, Format Version 12.00
# Visual Studio Version 17
VisualStudioVersion = 17.11.35327.3
MinimumVisualStudioVersion = 10.0.40219.1
Project("{FAE04EC0-301F-11D3-BF4B-00C04F79EFBC}") = "SimonCLI", "SimonCLI\SimonCLI.csproj", "{67776133-AF8D-4CB4-8851-0FD0102C346B}"
EndProject
Global
	GlobalSection(SolutionConfigurationPlatforms) = preSolution
		Debug|Any CPU = Debug|Any CPU
		Release|Any CPU = Release|Any CPU
	EndGlobalSection
	GlobalSection(ProjectConfigurationPlatforms) = postSolution
		{67776133-AF8D-4CB4-8851-0FD0102C346B}.Debug|Any CPU.ActiveCfg = Debug|Any CPU
		{67776133-AF8D-4CB4-8851-0FD0102C346B}.Debug|Any CPU.Build.0 = Debug|Any CPU
		{67776133-AF8D-4CB4-8851-0FD0102C346B}.Release|Any CPU.ActiveCfg = Release|Any CPU
		{67776133-AF8D-4CB4-8851-0FD0102C346B}.Release|Any CPU.Build.0 = Release|Any CPU
	EndGlobalSection
	GlobalSection(SolutionProperties) = preSolution
		HideSolutionNode = FALSE
	EndGlobalSection
	GlobalSection(ExtensibilityGlobals) = postSolution
		SolutionGuid = {2842FED6-0117-4114-88D4-1B1DF3E3A97B}
	EndGlobalSection
EndGlobal
